
Microsoft Visual Studio Solution File, Format Version 12.00
# Visual Studio Version 16
VisualStudioVersion = 16.0.29102.190
MinimumVisualStudioVersion = 10.0.40219.1
Project("{9A19103F-16F7-4668-BE54-9A1E7A4F7556}") = "Hangfire.AspNetCore.Multitenant", "src\Hangfire.AspNetCore.Multitenant\Hangfire.AspNetCore.Multitenant.csproj", "{BA9301B3-7449-468B-BA84-CE24D9F9075D}"
EndProject
Global
	GlobalSection(SolutionConfigurationPlatforms) = preSolution
		Debug|Any CPU = Debug|Any CPU
		Release|Any CPU = Release|Any CPU
	EndGlobalSection
	GlobalSection(ProjectConfigurationPlatforms) = postSolution
		{BA9301B3-7449-468B-BA84-CE24D9F9075D}.Debug|Any CPU.ActiveCfg = Debug|Any CPU
		{BA9301B3-7449-468B-BA84-CE24D9F9075D}.Debug|Any CPU.Build.0 = Debug|Any CPU
		{BA9301B3-7449-468B-BA84-CE24D9F9075D}.Release|Any CPU.ActiveCfg = Release|Any CPU
		{BA9301B3-7449-468B-BA84-CE24D9F9075D}.Release|Any CPU.Build.0 = Release|Any CPU
	EndGlobalSection
	GlobalSection(SolutionProperties) = preSolution
		HideSolutionNode = FALSE
	EndGlobalSection
	GlobalSection(ExtensibilityGlobals) = postSolution
		SolutionGuid = {CC626117-964D-4774-AD39-DB08A4D115A9}
	EndGlobalSection
EndGlobal
