
Microsoft Visual Studio Solution File, Format Version 12.00
# Visual Studio Version 16
VisualStudioVersion = 16.0.29102.190
MinimumVisualStudioVersion = 10.0.40219.1
Project("{FAE04EC0-301F-11D3-BF4B-00C04F79EFBC}") = "MultiTenantDashboard", "MultiTenantDashboard.csproj", "{EDF2B515-B4CD-4361-BB94-CEFCCBA5F2B2}"
EndProject
Project("{9A19103F-16F7-4668-BE54-9A1E7A4F7556}") = "Hangfire.AspNetCore.Multitenant", "..\..\src\Hangfire.AspNetCore.Multitenant\Hangfire.AspNetCore.Multitenant.csproj", "{5C9AA2D5-FD88-47AF-B4BF-CEE566B00E37}"
EndProject
Global
	GlobalSection(SolutionConfigurationPlatforms) = preSolution
		Debug|Any CPU = Debug|Any CPU
		Release|Any CPU = Release|Any CPU
	EndGlobalSection
	GlobalSection(ProjectConfigurationPlatforms) = postSolution
		{EDF2B515-B4CD-4361-BB94-CEFCCBA5F2B2}.Debug|Any CPU.ActiveCfg = Debug|Any CPU
		{EDF2B515-B4CD-4361-BB94-CEFCCBA5F2B2}.Debug|Any CPU.Build.0 = Debug|Any CPU
		{EDF2B515-B4CD-4361-BB94-CEFCCBA5F2B2}.Release|Any CPU.ActiveCfg = Release|Any CPU
		{EDF2B515-B4CD-4361-BB94-CEFCCBA5F2B2}.Release|Any CPU.Build.0 = Release|Any CPU
		{5C9AA2D5-FD88-47AF-B4BF-CEE566B00E37}.Debug|Any CPU.ActiveCfg = Debug|Any CPU
		{5C9AA2D5-FD88-47AF-B4BF-CEE566B00E37}.Debug|Any CPU.Build.0 = Debug|Any CPU
		{5C9AA2D5-FD88-47AF-B4BF-CEE566B00E37}.Release|Any CPU.ActiveCfg = Release|Any CPU
		{5C9AA2D5-FD88-47AF-B4BF-CEE566B00E37}.Release|Any CPU.Build.0 = Release|Any CPU
	EndGlobalSection
	GlobalSection(SolutionProperties) = preSolution
		HideSolutionNode = FALSE
	EndGlobalSection
	GlobalSection(ExtensibilityGlobals) = postSolution
		SolutionGuid = {3F542300-7E41-4C3A-B201-F89D08A10AE4}
	EndGlobalSection
EndGlobal
